
Microsoft Visual Studio Solution File, Format Version 12.00
# Visual Studio Version 17
VisualStudioVersion = 17.5.33530.505
MinimumVisualStudioVersion = 10.0.40219.1
Project("{FAE04EC0-301F-11D3-BF4B-00C04F79EFBC}") = "ChatTest", "ChatTest\ChatTest.csproj", "{AEB50A5A-93D3-43F2-B59E-EE225C2C49A5}"
EndProject
Global
	GlobalSection(SolutionConfigurationPlatforms) = preSolution
		Debug|Any CPU = Debug|Any CPU
		Release|Any CPU = Release|Any CPU
	EndGlobalSection
	GlobalSection(ProjectConfigurationPlatforms) = postSolution
		{AEB50A5A-93D3-43F2-B59E-EE225C2C49A5}.Debug|Any CPU.ActiveCfg = Debug|Any CPU
		{AEB50A5A-93D3-43F2-B59E-EE225C2C49A5}.Debug|Any CPU.Build.0 = Debug|Any CPU
		{AEB50A5A-93D3-43F2-B59E-EE225C2C49A5}.Release|Any CPU.ActiveCfg = Release|Any CPU
		{AEB50A5A-93D3-43F2-B59E-EE225C2C49A5}.Release|Any CPU.Build.0 = Release|Any CPU
	EndGlobalSection
	GlobalSection(SolutionProperties) = preSolution
		HideSolutionNode = FALSE
	EndGlobalSection
	GlobalSection(ExtensibilityGlobals) = postSolution
		SolutionGuid = {68B30AA4-5946-413D-A345-221AF9AA1CD8}
	EndGlobalSection
EndGlobal
